{
  "name": "dissertation_implementation",
  "version": "1.0.0",
  "lockfileVersion": 3,
  "requires": true,
  "packages": {
    "": {
      "name": "dissertation_implementation",
      "version": "1.0.0",
      "license": "ISC",
      "dependencies": {
        "aframe-extras": "^7.2.0"
      }
    },
    "node_modules/aframe-extras": {
      "version": "7.2.0",
      "resolved": "https://registry.npmjs.org/aframe-extras/-/aframe-extras-7.2.0.tgz",
      "integrity": "sha512-1LGWi55qgJiBP531m+MJomBAdRAVyNkCLAjtZH1TC+dkJxD0VbV6gZevc/30j3+053Wgptn5ZHSl0IdBafVPyA==",
      "dependencies": {
        "nipplejs": "^0.10.1",
        "three": "0.159.0",
        "three-pathfinding": "^1.1.0"
      }
    },
    "node_modules/nipplejs": {
      "version": "0.10.1",
      "resolved": "https://registry.npmjs.org/nipplejs/-/nipplejs-0.10.1.tgz",
      "integrity": "sha512-BuKBDfdd7BVK6E7sivHwrRPh9TETsHuHEwuT95nAjRz2uJu5roYngNs+BdRe8nYf8mP6OZ9aRqdgMlqVsDMRcw=="
    },
    "node_modules/three": {
      "version": "0.159.0",
      "resolved": "https://registry.npmjs.org/three/-/three-0.159.0.tgz",
      "integrity": "sha512-eCmhlLGbBgucuo4VEA9IO3Qpc7dh8Bd4VKzr7WfW4+8hMcIfoAVi1ev0pJYN9PTTsCslbcKgBwr2wNZ1EvLInA=="
    },
    "node_modules/three-pathfinding": {
      "version": "1.2.0",
      "resolved": "https://registry.npmjs.org/three-pathfinding/-/three-pathfinding-1.2.0.tgz",
      "integrity": "sha512-TlIfy+mLOdP7OhQG4Mn1dNONYbhu2Xe+AD7jL8SbdKdAHxH/TF68svpk2c8UrSfR/3YWQ87Tq/lp5HQO/QuaMw==",
      "peerDependencies": {
        "three": "0.x.x"
      }
    }
  }
}
